%{"cowboy": {:hex, :cowboy, "1.0.0"},
  "cowlib": {:hex, :cowlib, "1.0.0"},
  "decimal": {:hex, :decimal, "0.2.5"},
  "ecto": {:hex, :ecto, "0.2.5"},
  "exlager": {:git, "git://github.com/khia/exlager.git", "dca404300b04d2ad8f42e9ecc6f4c757e169071f", []},
  "goldrush": {:git, "git://github.com/DeadZen/goldrush.git", "71e63212f12c25827e0c1b4198d37d5d018a7fec", [tag: "0.1.6"]},
  "lager": {:git, "https://github.com/basho/lager.git", "dd267603e93e8babe9ef9164fc176b430d669431", []},
  "linguist": {:hex, :linguist, "0.1.2"},
  "logger_file_backend": {:hex, :logger_file_backend, "0.0.3"},
  "phoenix": {:hex, :phoenix, "0.5.0"},
  "plug": {:hex, :plug, "0.8.1"},
  "poison": {:hex, :poison, "1.2.0"},
  "poolboy": {:hex, :poolboy, "1.2.1"},
  "postgrex": {:hex, :postgrex, "0.6.0"},
  "ranch": {:hex, :ranch, "1.0.0"}}
